PODS:
  - Alamofire (5.8.0)
  - BrightFutures (8.2.0)
  - CryptoSwift (1.8.0)
  - FBAEMKit (16.2.0):
    - FBSDKCoreKit_Basics (= 16.2.0)
  - FBSDKCoreKit (16.2.0):
    - FBAEMKit (= 16.2.0)
    - FBSDKCoreKit_Basics (= 16.2.0)
  - FBSDKCoreKit_Basics (16.2.0)
  - FBSDKLoginKit (16.2.0):
    - FBSDKCoreKit (= 16.2.0)
  - IdentitySdkCore (5.9.0):
    - Alamofire (~> 5.8)
    - BrightFutures (~> 8.2.0)
    - CryptoSwift (~> 1.8)

DEPENDENCIES:
  - FBSDKCoreKit (~> 16.2.0)
  - FBSDKLoginKit (~> 16.2.0)
  - IdentitySdkCore (from `../IdentitySdkCore.podspec`)

SPEC REPOS:
  trunk:
    - Alamofire
    - BrightFutures
    - CryptoSwift
    - FBAEMKit
    - FBSDKCoreKit
    - FBSDKCoreKit_Basics
    - FBSDKLoginKit

EXTERNAL SOURCES:
  IdentitySdkCore:
    :path: "../IdentitySdkCore.podspec"

SPEC CHECKSUMS:
  Alamofire: 0e92e751b3e9e66d7982db43919d01f313b8eb91
  BrightFutures: 67e0e8cd974ab9f6c04650cc64153f7adf1ec489
  CryptoSwift: 52aaf3fce7337552863b1d952e408085f0e65030
  FBAEMKit: 5facf4292bff062963f563d68fd5c0cdd6c90d63
  FBSDKCoreKit: f94e107ae84a6f4c0d9edfd06ed989b084bfa5bb
  FBSDKCoreKit_Basics: 8123411ba15df07f9a8da760630f4cdfeeaea6a7
  FBSDKLoginKit: ae454ceaeb9ee753caf78242bdad1b5226968358
  IdentitySdkCore: 97babb3055653acfc535eace5f797fd7745dbbf3

PODFILE CHECKSUM: 1bdaebb7f8a686a6ceb6829d8ca7c763fb1f6873

COCOAPODS: 1.11.3
