// !$*UTF8*$!
{
	archiveVersion = 1;
	classes = {
	};
	objectVersion = 52;
	objects = {

/* Begin PBXBuildFile section */
		2A87FE7D28A54BB50005E9C2 /* BrightFutures in Frameworks */ = {isa = PBXBuildFile; productRef = 2A87FE7C28A54BB50005E9C2 /* BrightFutures */; };
		2A87FE8028A54BC60005E9C2 /* Alamofire in Frameworks */ = {isa = PBXBuildFile; productRef = 2A87FE7F28A54BC60005E9C2 /* Alamofire */; };
		OBJ_100 /* ClientConfigResponse.swift in Sources */ = {isa = PBXBuildFile; fileRef = OBJ_21 /* ClientConfigResponse.swift */; };
		OBJ_101 /* Consent.swift in Sources */ = {isa = PBXBuildFile; fileRef = OBJ_22 /* Consent.swift */; };
		OBJ_102 /* Emails.swift in Sources */ = {isa = PBXBuildFile; fileRef = OBJ_23 /* Emails.swift */; };
		OBJ_103 /* LoginSummary.swift in Sources */ = {isa = PBXBuildFile; fileRef = OBJ_24 /* LoginSummary.swift */; };
		OBJ_104 /* OpenIdUser.swift in Sources */ = {isa = PBXBuildFile; fileRef = OBJ_25 /* OpenIdUser.swift */; };
		OBJ_105 /* Profile.swift in Sources */ = {isa = PBXBuildFile; fileRef = OBJ_26 /* Profile.swift */; };
		OBJ_106 /* ProfileAddress.swift in Sources */ = {isa = PBXBuildFile; fileRef = OBJ_27 /* ProfileAddress.swift */; };
		OBJ_107 /* ProviderConfig.swift in Sources */ = {isa = PBXBuildFile; fileRef = OBJ_28 /* ProviderConfig.swift */; };
		OBJ_108 /* ProvidersConfigsResult.swift in Sources */ = {isa = PBXBuildFile; fileRef = OBJ_29 /* ProvidersConfigsResult.swift */; };
		OBJ_109 /* SdkConfig.swift in Sources */ = {isa = PBXBuildFile; fileRef = OBJ_30 /* SdkConfig.swift */; };
		OBJ_110 /* AuthCodeRequest.swift in Sources */ = {isa = PBXBuildFile; fileRef = OBJ_32 /* AuthCodeRequest.swift */; };
		OBJ_111 /* LoginCallback.swift in Sources */ = {isa = PBXBuildFile; fileRef = OBJ_33 /* LoginCallback.swift */; };
		OBJ_112 /* LoginProviderRequest.swift in Sources */ = {isa = PBXBuildFile; fileRef = OBJ_34 /* LoginProviderRequest.swift */; };
		OBJ_113 /* LoginRequest.swift in Sources */ = {isa = PBXBuildFile; fileRef = OBJ_35 /* LoginRequest.swift */; };
		OBJ_114 /* ProfileSignupRequest.swift in Sources */ = {isa = PBXBuildFile; fileRef = OBJ_36 /* ProfileSignupRequest.swift */; };
		OBJ_115 /* RefreshRequest.swift in Sources */ = {isa = PBXBuildFile; fileRef = OBJ_37 /* RefreshRequest.swift */; };
		OBJ_116 /* RequestPasswordResetRequest.swift in Sources */ = {isa = PBXBuildFile; fileRef = OBJ_38 /* RequestPasswordResetRequest.swift */; };
		OBJ_117 /* SignupRequest.swift in Sources */ = {isa = PBXBuildFile; fileRef = OBJ_39 /* SignupRequest.swift */; };
		OBJ_118 /* StartPasswordlessRequest.swift in Sources */ = {isa = PBXBuildFile; fileRef = OBJ_40 /* StartPasswordlessRequest.swift */; };
		OBJ_119 /* UpdateEmailRequest.swift in Sources */ = {isa = PBXBuildFile; fileRef = OBJ_41 /* UpdateEmailRequest.swift */; };
		OBJ_120 /* UpdatePasswordRequest.swift in Sources */ = {isa = PBXBuildFile; fileRef = OBJ_42 /* UpdatePasswordRequest.swift */; };
		OBJ_121 /* UpdatePhoneNumberRequest.swift in Sources */ = {isa = PBXBuildFile; fileRef = OBJ_43 /* UpdatePhoneNumberRequest.swift */; };
		OBJ_122 /* VerifyAuthCodeRequest.swift in Sources */ = {isa = PBXBuildFile; fileRef = OBJ_44 /* VerifyAuthCodeRequest.swift */; };
		OBJ_123 /* VerifyPhoneNumberRequest.swift in Sources */ = {isa = PBXBuildFile; fileRef = OBJ_45 /* VerifyPhoneNumberRequest.swift */; };
		OBJ_124 /* WebviewLoginRequest.swift in Sources */ = {isa = PBXBuildFile; fileRef = OBJ_46 /* WebviewLoginRequest.swift */; };
		OBJ_125 /* AuthenticationPublicKeyCredential.swift in Sources */ = {isa = PBXBuildFile; fileRef = OBJ_48 /* AuthenticationPublicKeyCredential.swift */; };
		OBJ_126 /* EmailWebAuthnLoginRequest.swift in Sources */ = {isa = PBXBuildFile; fileRef = OBJ_49 /* EmailWebAuthnLoginRequest.swift */; };
		OBJ_127 /* ProfileWebAuthnSignupRequest.swift in Sources */ = {isa = PBXBuildFile; fileRef = OBJ_50 /* ProfileWebAuthnSignupRequest.swift */; };
		OBJ_128 /* R5AuthenticatorAssertionResponse.swift in Sources */ = {isa = PBXBuildFile; fileRef = OBJ_51 /* R5AuthenticatorAssertionResponse.swift */; };
		OBJ_129 /* R5AuthenticatorAttestationResponse.swift in Sources */ = {isa = PBXBuildFile; fileRef = OBJ_52 /* R5AuthenticatorAttestationResponse.swift */; };
		OBJ_130 /* R5PublicKeyCredentialRequestOptions.swift in Sources */ = {isa = PBXBuildFile; fileRef = OBJ_53 /* R5PublicKeyCredentialRequestOptions.swift */; };
		OBJ_131 /* RegistrationPublicKeyCredential.swift in Sources */ = {isa = PBXBuildFile; fileRef = OBJ_54 /* RegistrationPublicKeyCredential.swift */; };
		OBJ_132 /* WebAuthnLoginRequest.swift in Sources */ = {isa = PBXBuildFile; fileRef = OBJ_55 /* WebAuthnLoginRequest.swift */; };
		OBJ_133 /* WebAuthnRegistrationRequest.swift in Sources */ = {isa = PBXBuildFile; fileRef = OBJ_56 /* WebAuthnRegistrationRequest.swift */; };
		OBJ_134 /* WebauthnSignupCredential.swift in Sources */ = {isa = PBXBuildFile; fileRef = OBJ_57 /* WebauthnSignupCredential.swift */; };
		OBJ_135 /* AuthenticationOptions.swift in Sources */ = {isa = PBXBuildFile; fileRef = OBJ_60 /* AuthenticationOptions.swift */; };
		OBJ_136 /* AuthenticationToken.swift in Sources */ = {isa = PBXBuildFile; fileRef = OBJ_61 /* AuthenticationToken.swift */; };
		OBJ_137 /* CredentialCreationOptions.swift in Sources */ = {isa = PBXBuildFile; fileRef = OBJ_62 /* CredentialCreationOptions.swift */; };
		OBJ_138 /* DeviceCredential.swift in Sources */ = {isa = PBXBuildFile; fileRef = OBJ_63 /* DeviceCredential.swift */; };
		OBJ_139 /* R5AuthenticatorSelectionCriteria.swift in Sources */ = {isa = PBXBuildFile; fileRef = OBJ_64 /* R5AuthenticatorSelectionCriteria.swift */; };
		OBJ_140 /* R5PublicKeyCredentialCreationOptions.swift in Sources */ = {isa = PBXBuildFile; fileRef = OBJ_65 /* R5PublicKeyCredentialCreationOptions.swift */; };
		OBJ_141 /* R5PublicKeyCredentialDescriptor.swift in Sources */ = {isa = PBXBuildFile; fileRef = OBJ_66 /* R5PublicKeyCredentialDescriptor.swift */; };
		OBJ_142 /* R5PublicKeyCredentialParameter.swift in Sources */ = {isa = PBXBuildFile; fileRef = OBJ_67 /* R5PublicKeyCredentialParameter.swift */; };
		OBJ_143 /* R5PublicKeyCredentialRpEntity.swift in Sources */ = {isa = PBXBuildFile; fileRef = OBJ_68 /* R5PublicKeyCredentialRpEntity.swift */; };
		OBJ_144 /* R5PublicKeyCredentialUserEntity.swift in Sources */ = {isa = PBXBuildFile; fileRef = OBJ_69 /* R5PublicKeyCredentialUserEntity.swift */; };
		OBJ_145 /* RegistrationOptions.swift in Sources */ = {isa = PBXBuildFile; fileRef = OBJ_70 /* RegistrationOptions.swift */; };
		OBJ_146 /* Base64.swift in Sources */ = {isa = PBXBuildFile; fileRef = OBJ_72 /* Base64.swift */; };
		OBJ_147 /* CustomField.swift in Sources */ = {isa = PBXBuildFile; fileRef = OBJ_73 /* CustomField.swift */; };
		OBJ_148 /* DataRequest.swift in Sources */ = {isa = PBXBuildFile; fileRef = OBJ_74 /* DataRequest.swift */; };
		OBJ_149 /* DictionaryEncodable.swift in Sources */ = {isa = PBXBuildFile; fileRef = OBJ_75 /* DictionaryEncodable.swift */; };
		OBJ_150 /* Pkce.swift in Sources */ = {isa = PBXBuildFile; fileRef = OBJ_76 /* Pkce.swift */; };
		OBJ_151 /* QueryString.swift in Sources */ = {isa = PBXBuildFile; fileRef = OBJ_77 /* QueryString.swift */; };
		OBJ_152 /* Storage.swift in Sources */ = {isa = PBXBuildFile; fileRef = OBJ_78 /* Storage.swift */; };
		OBJ_153 /* UIDevice.swift in Sources */ = {isa = PBXBuildFile; fileRef = OBJ_79 /* UIDevice.swift */; };
		OBJ_160 /* Package.swift in Sources */ = {isa = PBXBuildFile; fileRef = OBJ_6 /* Package.swift */; };
		OBJ_89 /* Provider.swift in Sources */ = {isa = PBXBuildFile; fileRef = OBJ_9 /* Provider.swift */; };
		OBJ_90 /* ReachFive.swift in Sources */ = {isa = PBXBuildFile; fileRef = OBJ_10 /* ReachFive.swift */; };
		OBJ_91 /* ReachFiveApi.swift in Sources */ = {isa = PBXBuildFile; fileRef = OBJ_11 /* ReachFiveApi.swift */; };
		OBJ_92 /* ReachFiveError.swift in Sources */ = {isa = PBXBuildFile; fileRef = OBJ_12 /* ReachFiveError.swift */; };
		OBJ_93 /* ReachFivePassword.swift in Sources */ = {isa = PBXBuildFile; fileRef = OBJ_13 /* ReachFivePassword.swift */; };
		OBJ_94 /* ReachFivePasswordLess.swift in Sources */ = {isa = PBXBuildFile; fileRef = OBJ_14 /* ReachFivePasswordLess.swift */; };
		OBJ_95 /* ReachFiveProfile.swift in Sources */ = {isa = PBXBuildFile; fileRef = OBJ_15 /* ReachFiveProfile.swift */; };
		OBJ_96 /* ReachFiveProviders.swift in Sources */ = {isa = PBXBuildFile; fileRef = OBJ_16 /* ReachFiveProviders.swift */; };
		OBJ_97 /* ReachFiveWebviewLogin.swift in Sources */ = {isa = PBXBuildFile; fileRef = OBJ_17 /* ReachFiveWebviewLogin.swift */; };
		OBJ_98 /* AccessTokenResponse.swift in Sources */ = {isa = PBXBuildFile; fileRef = OBJ_19 /* AccessTokenResponse.swift */; };
		OBJ_99 /* AuthToken.swift in Sources */ = {isa = PBXBuildFile; fileRef = OBJ_20 /* AuthToken.swift */; };
/* End PBXBuildFile section */

/* Begin PBXFileReference section */
		OBJ_10 /* ReachFive.swift */ = {isa = PBXFileReference; lastKnownFileType = sourcecode.swift; path = ReachFive.swift; sourceTree = "<group>"; };
		OBJ_11 /* ReachFiveApi.swift */ = {isa = PBXFileReference; lastKnownFileType = sourcecode.swift; path = ReachFiveApi.swift; sourceTree = "<group>"; };
		OBJ_12 /* ReachFiveError.swift */ = {isa = PBXFileReference; lastKnownFileType = sourcecode.swift; path = ReachFiveError.swift; sourceTree = "<group>"; };
		OBJ_13 /* ReachFivePassword.swift */ = {isa = PBXFileReference; lastKnownFileType = sourcecode.swift; path = ReachFivePassword.swift; sourceTree = "<group>"; };
		OBJ_14 /* ReachFivePasswordLess.swift */ = {isa = PBXFileReference; lastKnownFileType = sourcecode.swift; path = ReachFivePasswordLess.swift; sourceTree = "<group>"; };
		OBJ_15 /* ReachFiveProfile.swift */ = {isa = PBXFileReference; lastKnownFileType = sourcecode.swift; path = ReachFiveProfile.swift; sourceTree = "<group>"; };
		OBJ_16 /* ReachFiveProviders.swift */ = {isa = PBXFileReference; lastKnownFileType = sourcecode.swift; path = ReachFiveProviders.swift; sourceTree = "<group>"; };
		OBJ_17 /* ReachFiveWebviewLogin.swift */ = {isa = PBXFileReference; lastKnownFileType = sourcecode.swift; path = ReachFiveWebviewLogin.swift; sourceTree = "<group>"; };
		OBJ_19 /* AccessTokenResponse.swift */ = {isa = PBXFileReference; lastKnownFileType = sourcecode.swift; path = AccessTokenResponse.swift; sourceTree = "<group>"; };
		OBJ_20 /* AuthToken.swift */ = {isa = PBXFileReference; lastKnownFileType = sourcecode.swift; path = AuthToken.swift; sourceTree = "<group>"; };
		OBJ_21 /* ClientConfigResponse.swift */ = {isa = PBXFileReference; lastKnownFileType = sourcecode.swift; path = ClientConfigResponse.swift; sourceTree = "<group>"; };
		OBJ_22 /* Consent.swift */ = {isa = PBXFileReference; lastKnownFileType = sourcecode.swift; path = Consent.swift; sourceTree = "<group>"; };
		OBJ_23 /* Emails.swift */ = {isa = PBXFileReference; lastKnownFileType = sourcecode.swift; path = Emails.swift; sourceTree = "<group>"; };
		OBJ_24 /* LoginSummary.swift */ = {isa = PBXFileReference; lastKnownFileType = sourcecode.swift; path = LoginSummary.swift; sourceTree = "<group>"; };
		OBJ_25 /* OpenIdUser.swift */ = {isa = PBXFileReference; lastKnownFileType = sourcecode.swift; path = OpenIdUser.swift; sourceTree = "<group>"; };
		OBJ_26 /* Profile.swift */ = {isa = PBXFileReference; lastKnownFileType = sourcecode.swift; path = Profile.swift; sourceTree = "<group>"; };
		OBJ_27 /* ProfileAddress.swift */ = {isa = PBXFileReference; lastKnownFileType = sourcecode.swift; path = ProfileAddress.swift; sourceTree = "<group>"; };
		OBJ_28 /* ProviderConfig.swift */ = {isa = PBXFileReference; lastKnownFileType = sourcecode.swift; path = ProviderConfig.swift; sourceTree = "<group>"; };
		OBJ_29 /* ProvidersConfigsResult.swift */ = {isa = PBXFileReference; lastKnownFileType = sourcecode.swift; path = ProvidersConfigsResult.swift; sourceTree = "<group>"; };
		OBJ_30 /* SdkConfig.swift */ = {isa = PBXFileReference; lastKnownFileType = sourcecode.swift; path = SdkConfig.swift; sourceTree = "<group>"; };
		OBJ_32 /* AuthCodeRequest.swift */ = {isa = PBXFileReference; lastKnownFileType = sourcecode.swift; path = AuthCodeRequest.swift; sourceTree = "<group>"; };
		OBJ_33 /* LoginCallback.swift */ = {isa = PBXFileReference; lastKnownFileType = sourcecode.swift; path = LoginCallback.swift; sourceTree = "<group>"; };
		OBJ_34 /* LoginProviderRequest.swift */ = {isa = PBXFileReference; lastKnownFileType = sourcecode.swift; path = LoginProviderRequest.swift; sourceTree = "<group>"; };
		OBJ_35 /* LoginRequest.swift */ = {isa = PBXFileReference; lastKnownFileType = sourcecode.swift; path = LoginRequest.swift; sourceTree = "<group>"; };
		OBJ_36 /* ProfileSignupRequest.swift */ = {isa = PBXFileReference; lastKnownFileType = sourcecode.swift; path = ProfileSignupRequest.swift; sourceTree = "<group>"; };
		OBJ_37 /* RefreshRequest.swift */ = {isa = PBXFileReference; lastKnownFileType = sourcecode.swift; path = RefreshRequest.swift; sourceTree = "<group>"; };
		OBJ_38 /* RequestPasswordResetRequest.swift */ = {isa = PBXFileReference; lastKnownFileType = sourcecode.swift; path = RequestPasswordResetRequest.swift; sourceTree = "<group>"; };
		OBJ_39 /* SignupRequest.swift */ = {isa = PBXFileReference; lastKnownFileType = sourcecode.swift; path = SignupRequest.swift; sourceTree = "<group>"; };
		OBJ_40 /* StartPasswordlessRequest.swift */ = {isa = PBXFileReference; lastKnownFileType = sourcecode.swift; path = StartPasswordlessRequest.swift; sourceTree = "<group>"; };
		OBJ_41 /* UpdateEmailRequest.swift */ = {isa = PBXFileReference; lastKnownFileType = sourcecode.swift; path = UpdateEmailRequest.swift; sourceTree = "<group>"; };
		OBJ_42 /* UpdatePasswordRequest.swift */ = {isa = PBXFileReference; lastKnownFileType = sourcecode.swift; path = UpdatePasswordRequest.swift; sourceTree = "<group>"; };
		OBJ_43 /* UpdatePhoneNumberRequest.swift */ = {isa = PBXFileReference; lastKnownFileType = sourcecode.swift; path = UpdatePhoneNumberRequest.swift; sourceTree = "<group>"; };
		OBJ_44 /* VerifyAuthCodeRequest.swift */ = {isa = PBXFileReference; lastKnownFileType = sourcecode.swift; path = VerifyAuthCodeRequest.swift; sourceTree = "<group>"; };
		OBJ_45 /* VerifyPhoneNumberRequest.swift */ = {isa = PBXFileReference; lastKnownFileType = sourcecode.swift; path = VerifyPhoneNumberRequest.swift; sourceTree = "<group>"; };
		OBJ_46 /* WebviewLoginRequest.swift */ = {isa = PBXFileReference; lastKnownFileType = sourcecode.swift; path = WebviewLoginRequest.swift; sourceTree = "<group>"; };
		OBJ_48 /* AuthenticationPublicKeyCredential.swift */ = {isa = PBXFileReference; lastKnownFileType = sourcecode.swift; path = AuthenticationPublicKeyCredential.swift; sourceTree = "<group>"; };
		OBJ_49 /* EmailWebAuthnLoginRequest.swift */ = {isa = PBXFileReference; lastKnownFileType = sourcecode.swift; path = EmailWebAuthnLoginRequest.swift; sourceTree = "<group>"; };
		OBJ_50 /* ProfileWebAuthnSignupRequest.swift */ = {isa = PBXFileReference; lastKnownFileType = sourcecode.swift; path = ProfileWebAuthnSignupRequest.swift; sourceTree = "<group>"; };
		OBJ_51 /* R5AuthenticatorAssertionResponse.swift */ = {isa = PBXFileReference; lastKnownFileType = sourcecode.swift; path = R5AuthenticatorAssertionResponse.swift; sourceTree = "<group>"; };
		OBJ_52 /* R5AuthenticatorAttestationResponse.swift */ = {isa = PBXFileReference; lastKnownFileType = sourcecode.swift; path = R5AuthenticatorAttestationResponse.swift; sourceTree = "<group>"; };
		OBJ_53 /* R5PublicKeyCredentialRequestOptions.swift */ = {isa = PBXFileReference; lastKnownFileType = sourcecode.swift; path = R5PublicKeyCredentialRequestOptions.swift; sourceTree = "<group>"; };
		OBJ_54 /* RegistrationPublicKeyCredential.swift */ = {isa = PBXFileReference; lastKnownFileType = sourcecode.swift; path = RegistrationPublicKeyCredential.swift; sourceTree = "<group>"; };
		OBJ_55 /* WebAuthnLoginRequest.swift */ = {isa = PBXFileReference; lastKnownFileType = sourcecode.swift; path = WebAuthnLoginRequest.swift; sourceTree = "<group>"; };
		OBJ_56 /* WebAuthnRegistrationRequest.swift */ = {isa = PBXFileReference; lastKnownFileType = sourcecode.swift; path = WebAuthnRegistrationRequest.swift; sourceTree = "<group>"; };
		OBJ_57 /* WebauthnSignupCredential.swift */ = {isa = PBXFileReference; lastKnownFileType = sourcecode.swift; path = WebauthnSignupCredential.swift; sourceTree = "<group>"; };
		OBJ_6 /* Package.swift */ = {isa = PBXFileReference; explicitFileType = sourcecode.swift; path = Package.swift; sourceTree = "<group>"; };
		OBJ_60 /* AuthenticationOptions.swift */ = {isa = PBXFileReference; lastKnownFileType = sourcecode.swift; path = AuthenticationOptions.swift; sourceTree = "<group>"; };
		OBJ_61 /* AuthenticationToken.swift */ = {isa = PBXFileReference; lastKnownFileType = sourcecode.swift; path = AuthenticationToken.swift; sourceTree = "<group>"; };
		OBJ_62 /* CredentialCreationOptions.swift */ = {isa = PBXFileReference; lastKnownFileType = sourcecode.swift; path = CredentialCreationOptions.swift; sourceTree = "<group>"; };
		OBJ_63 /* DeviceCredential.swift */ = {isa = PBXFileReference; lastKnownFileType = sourcecode.swift; path = DeviceCredential.swift; sourceTree = "<group>"; };
		OBJ_64 /* R5AuthenticatorSelectionCriteria.swift */ = {isa = PBXFileReference; lastKnownFileType = sourcecode.swift; path = R5AuthenticatorSelectionCriteria.swift; sourceTree = "<group>"; };
		OBJ_65 /* R5PublicKeyCredentialCreationOptions.swift */ = {isa = PBXFileReference; lastKnownFileType = sourcecode.swift; path = R5PublicKeyCredentialCreationOptions.swift; sourceTree = "<group>"; };
		OBJ_66 /* R5PublicKeyCredentialDescriptor.swift */ = {isa = PBXFileReference; lastKnownFileType = sourcecode.swift; path = R5PublicKeyCredentialDescriptor.swift; sourceTree = "<group>"; };
		OBJ_67 /* R5PublicKeyCredentialParameter.swift */ = {isa = PBXFileReference; lastKnownFileType = sourcecode.swift; path = R5PublicKeyCredentialParameter.swift; sourceTree = "<group>"; };
		OBJ_68 /* R5PublicKeyCredentialRpEntity.swift */ = {isa = PBXFileReference; lastKnownFileType = sourcecode.swift; path = R5PublicKeyCredentialRpEntity.swift; sourceTree = "<group>"; };
		OBJ_69 /* R5PublicKeyCredentialUserEntity.swift */ = {isa = PBXFileReference; lastKnownFileType = sourcecode.swift; path = R5PublicKeyCredentialUserEntity.swift; sourceTree = "<group>"; };
		OBJ_70 /* RegistrationOptions.swift */ = {isa = PBXFileReference; lastKnownFileType = sourcecode.swift; path = RegistrationOptions.swift; sourceTree = "<group>"; };
		OBJ_72 /* Base64.swift */ = {isa = PBXFileReference; lastKnownFileType = sourcecode.swift; path = Base64.swift; sourceTree = "<group>"; };
		OBJ_73 /* CustomField.swift */ = {isa = PBXFileReference; lastKnownFileType = sourcecode.swift; path = CustomField.swift; sourceTree = "<group>"; };
		OBJ_74 /* DataRequest.swift */ = {isa = PBXFileReference; lastKnownFileType = sourcecode.swift; path = DataRequest.swift; sourceTree = "<group>"; };
		OBJ_75 /* DictionaryEncodable.swift */ = {isa = PBXFileReference; lastKnownFileType = sourcecode.swift; path = DictionaryEncodable.swift; sourceTree = "<group>"; };
		OBJ_76 /* Pkce.swift */ = {isa = PBXFileReference; lastKnownFileType = sourcecode.swift; path = Pkce.swift; sourceTree = "<group>"; };
		OBJ_77 /* QueryString.swift */ = {isa = PBXFileReference; lastKnownFileType = sourcecode.swift; path = QueryString.swift; sourceTree = "<group>"; };
		OBJ_78 /* Storage.swift */ = {isa = PBXFileReference; lastKnownFileType = sourcecode.swift; path = Storage.swift; sourceTree = "<group>"; };
		OBJ_79 /* UIDevice.swift */ = {isa = PBXFileReference; lastKnownFileType = sourcecode.swift; path = UIDevice.swift; sourceTree = "<group>"; };
		OBJ_83 /* README.md */ = {isa = PBXFileReference; lastKnownFileType = net.daringfireball.markdown; path = README.md; sourceTree = "<group>"; };
		OBJ_9 /* Provider.swift */ = {isa = PBXFileReference; lastKnownFileType = sourcecode.swift; path = Provider.swift; sourceTree = "<group>"; };
		"identitysdkcore::IdentitySdkCore::Product" /* IdentitySdkCore.framework */ = {isa = PBXFileReference; lastKnownFileType = wrapper.framework; path = IdentitySdkCore.framework; sourceTree = BUILT_PRODUCTS_DIR; };
/* End PBXFileReference section */

/* Begin PBXFrameworksBuildPhase section */
		OBJ_154 /* Frameworks */ = {
			isa = PBXFrameworksBuildPhase;
			buildActionMask = 0;
			files = (
				2A87FE7D28A54BB50005E9C2 /* BrightFutures in Frameworks */,
				2A87FE8028A54BC60005E9C2 /* Alamofire in Frameworks */,
			);
			runOnlyForDeploymentPostprocessing = 0;
		};
/* End PBXFrameworksBuildPhase section */

/* Begin PBXGroup section */
		OBJ_18 /* models */ = {
			isa = PBXGroup;
			children = (
				OBJ_19 /* AccessTokenResponse.swift */,
				OBJ_20 /* AuthToken.swift */,
				OBJ_21 /* ClientConfigResponse.swift */,
				OBJ_22 /* Consent.swift */,
				OBJ_23 /* Emails.swift */,
				OBJ_24 /* LoginSummary.swift */,
				OBJ_25 /* OpenIdUser.swift */,
				OBJ_26 /* Profile.swift */,
				OBJ_27 /* ProfileAddress.swift */,
				OBJ_28 /* ProviderConfig.swift */,
				OBJ_29 /* ProvidersConfigsResult.swift */,
				OBJ_30 /* SdkConfig.swift */,
				OBJ_31 /* requests */,
				OBJ_58 /* responses */,
			);
			path = models;
			sourceTree = "<group>";
		};
		OBJ_31 /* requests */ = {
			isa = PBXGroup;
			children = (
				OBJ_32 /* AuthCodeRequest.swift */,
				OBJ_33 /* LoginCallback.swift */,
				OBJ_34 /* LoginProviderRequest.swift */,
				OBJ_35 /* LoginRequest.swift */,
				OBJ_36 /* ProfileSignupRequest.swift */,
				OBJ_37 /* RefreshRequest.swift */,
				OBJ_38 /* RequestPasswordResetRequest.swift */,
				OBJ_39 /* SignupRequest.swift */,
				OBJ_40 /* StartPasswordlessRequest.swift */,
				OBJ_41 /* UpdateEmailRequest.swift */,
				OBJ_42 /* UpdatePasswordRequest.swift */,
				OBJ_43 /* UpdatePhoneNumberRequest.swift */,
				OBJ_44 /* VerifyAuthCodeRequest.swift */,
				OBJ_45 /* VerifyPhoneNumberRequest.swift */,
				OBJ_46 /* WebviewLoginRequest.swift */,
				OBJ_47 /* webAuthn */,
			);
			path = requests;
			sourceTree = "<group>";
		};
		OBJ_47 /* webAuthn */ = {
			isa = PBXGroup;
			children = (
				OBJ_48 /* AuthenticationPublicKeyCredential.swift */,
				OBJ_49 /* EmailWebAuthnLoginRequest.swift */,
				OBJ_50 /* ProfileWebAuthnSignupRequest.swift */,
				OBJ_51 /* R5AuthenticatorAssertionResponse.swift */,
				OBJ_52 /* R5AuthenticatorAttestationResponse.swift */,
				OBJ_53 /* R5PublicKeyCredentialRequestOptions.swift */,
				OBJ_54 /* RegistrationPublicKeyCredential.swift */,
				OBJ_55 /* WebAuthnLoginRequest.swift */,
				OBJ_56 /* WebAuthnRegistrationRequest.swift */,
				OBJ_57 /* WebauthnSignupCredential.swift */,
			);
			path = webAuthn;
			sourceTree = "<group>";
		};
		OBJ_5 /*  */ = {
			isa = PBXGroup;
			children = (
				OBJ_6 /* Package.swift */,
				OBJ_7 /* Sources */,
				OBJ_80 /* Tests */,
				OBJ_81 /* Products */,
				OBJ_83 /* README.md */,
			);
			name = "";
			sourceTree = "<group>";
		};
		OBJ_58 /* responses */ = {
			isa = PBXGroup;
			children = (
				OBJ_59 /* webAuthn */,
			);
			path = responses;
			sourceTree = "<group>";
		};
		OBJ_59 /* webAuthn */ = {
			isa = PBXGroup;
			children = (
				OBJ_60 /* AuthenticationOptions.swift */,
				OBJ_61 /* AuthenticationToken.swift */,
				OBJ_62 /* CredentialCreationOptions.swift */,
				OBJ_63 /* DeviceCredential.swift */,
				OBJ_64 /* R5AuthenticatorSelectionCriteria.swift */,
				OBJ_65 /* R5PublicKeyCredentialCreationOptions.swift */,
				OBJ_66 /* R5PublicKeyCredentialDescriptor.swift */,
				OBJ_67 /* R5PublicKeyCredentialParameter.swift */,
				OBJ_68 /* R5PublicKeyCredentialRpEntity.swift */,
				OBJ_69 /* R5PublicKeyCredentialUserEntity.swift */,
				OBJ_70 /* RegistrationOptions.swift */,
			);
			path = webAuthn;
			sourceTree = "<group>";
		};
		OBJ_7 /* Sources */ = {
			isa = PBXGroup;
			children = (
				OBJ_8 /* IdentitySdkCore */,
			);
			name = Sources;
			sourceTree = SOURCE_ROOT;
		};
		OBJ_71 /* utils */ = {
			isa = PBXGroup;
			children = (
				OBJ_72 /* Base64.swift */,
				OBJ_73 /* CustomField.swift */,
				OBJ_74 /* DataRequest.swift */,
				OBJ_75 /* DictionaryEncodable.swift */,
				OBJ_76 /* Pkce.swift */,
				OBJ_77 /* QueryString.swift */,
				OBJ_78 /* Storage.swift */,
				OBJ_79 /* UIDevice.swift */,
			);
			path = utils;
			sourceTree = "<group>";
		};
		OBJ_8 /* IdentitySdkCore */ = {
			isa = PBXGroup;
			children = (
				OBJ_9 /* Provider.swift */,
				OBJ_10 /* ReachFive.swift */,
				OBJ_11 /* ReachFiveApi.swift */,
				OBJ_12 /* ReachFiveError.swift */,
				OBJ_13 /* ReachFivePassword.swift */,
				OBJ_14 /* ReachFivePasswordLess.swift */,
				OBJ_15 /* ReachFiveProfile.swift */,
				OBJ_16 /* ReachFiveProviders.swift */,
				OBJ_17 /* ReachFiveWebviewLogin.swift */,
				OBJ_18 /* models */,
				OBJ_71 /* utils */,
			);
			name = IdentitySdkCore;
			path = Sources/IdentitySdkCore;
			sourceTree = SOURCE_ROOT;
		};
		OBJ_80 /* Tests */ = {
			isa = PBXGroup;
			children = (
			);
			name = Tests;
			sourceTree = SOURCE_ROOT;
		};
		OBJ_81 /* Products */ = {
			isa = PBXGroup;
			children = (
				"identitysdkcore::IdentitySdkCore::Product" /* IdentitySdkCore.framework */,
			);
			name = Products;
			sourceTree = BUILT_PRODUCTS_DIR;
		};
/* End PBXGroup section */

/* Begin PBXNativeTarget section */
		"identitysdkcore::IdentitySdkCore" /* IdentitySdkCore */ = {
			isa = PBXNativeTarget;
			buildConfigurationList = OBJ_85 /* Build configuration list for PBXNativeTarget "IdentitySdkCore" */;
			buildPhases = (
				OBJ_88 /* Sources */,
				OBJ_154 /* Frameworks */,
			);
			buildRules = (
			);
			dependencies = (
			);
			name = IdentitySdkCore;
			packageProductDependencies = (
				2A87FE7C28A54BB50005E9C2 /* BrightFutures */,
				2A87FE7F28A54BC60005E9C2 /* Alamofire */,
			);
			productName = IdentitySdkCore;
			productReference = "identitysdkcore::IdentitySdkCore::Product" /* IdentitySdkCore.framework */;
			productType = "com.apple.product-type.framework";
		};
		"identitysdkcore::SwiftPMPackageDescription" /* IdentitySdkCorePackageDescription */ = {
			isa = PBXNativeTarget;
			buildConfigurationList = OBJ_156 /* Build configuration list for PBXNativeTarget "IdentitySdkCorePackageDescription" */;
			buildPhases = (
				OBJ_159 /* Sources */,
			);
			buildRules = (
			);
			dependencies = (
			);
			name = IdentitySdkCorePackageDescription;
			productName = IdentitySdkCorePackageDescription;
			productType = "com.apple.product-type.framework";
		};
/* End PBXNativeTarget section */

/* Begin PBXProject section */
		OBJ_1 /* Project object */ = {
			isa = PBXProject;
			attributes = {
				LastSwiftMigration = 9999;
				LastUpgradeCheck = 9999;
			};
			buildConfigurationList = OBJ_2 /* Build configuration list for PBXProject "IdentitySdkCore" */;
			compatibilityVersion = "Xcode 3.2";
			developmentRegion = en;
			hasScannedForEncodings = 0;
			knownRegions = (
				en,
			);
			mainGroup = OBJ_5 /*  */;
			packageReferences = (
				2A87FE7B28A54BB50005E9C2 /* XCRemoteSwiftPackageReference "BrightFutures" */,
				2A87FE7E28A54BC60005E9C2 /* XCRemoteSwiftPackageReference "Alamofire" */,
			);
			productRefGroup = OBJ_81 /* Products */;
			projectDirPath = "";
			projectRoot = "";
			targets = (
				"identitysdkcore::IdentitySdkCore" /* IdentitySdkCore */,
				"identitysdkcore::SwiftPMPackageDescription" /* IdentitySdkCorePackageDescription */,
			);
		};
/* End PBXProject section */

/* Begin PBXSourcesBuildPhase section */
		OBJ_159 /* Sources */ = {
			isa = PBXSourcesBuildPhase;
			buildActionMask = 0;
			files = (
				OBJ_160 /* Package.swift in Sources */,
			);
			runOnlyForDeploymentPostprocessing = 0;
		};
		OBJ_88 /* Sources */ = {
			isa = PBXSourcesBuildPhase;
			buildActionMask = 0;
			files = (
				OBJ_89 /* Provider.swift in Sources */,
				OBJ_90 /* ReachFive.swift in Sources */,
				OBJ_91 /* ReachFiveApi.swift in Sources */,
				OBJ_92 /* ReachFiveError.swift in Sources */,
				OBJ_93 /* ReachFivePassword.swift in Sources */,
				OBJ_94 /* ReachFivePasswordLess.swift in Sources */,
				OBJ_95 /* ReachFiveProfile.swift in Sources */,
				OBJ_96 /* ReachFiveProviders.swift in Sources */,
				OBJ_97 /* ReachFiveWebviewLogin.swift in Sources */,
				OBJ_98 /* AccessTokenResponse.swift in Sources */,
				OBJ_99 /* AuthToken.swift in Sources */,
				OBJ_100 /* ClientConfigResponse.swift in Sources */,
				OBJ_101 /* Consent.swift in Sources */,
				OBJ_102 /* Emails.swift in Sources */,
				OBJ_103 /* LoginSummary.swift in Sources */,
				OBJ_104 /* OpenIdUser.swift in Sources */,
				OBJ_105 /* Profile.swift in Sources */,
				OBJ_106 /* ProfileAddress.swift in Sources */,
				OBJ_107 /* ProviderConfig.swift in Sources */,
				OBJ_108 /* ProvidersConfigsResult.swift in Sources */,
				OBJ_109 /* SdkConfig.swift in Sources */,
				OBJ_110 /* AuthCodeRequest.swift in Sources */,
				OBJ_111 /* LoginCallback.swift in Sources */,
				OBJ_112 /* LoginProviderRequest.swift in Sources */,
				OBJ_113 /* LoginRequest.swift in Sources */,
				OBJ_114 /* ProfileSignupRequest.swift in Sources */,
				OBJ_115 /* RefreshRequest.swift in Sources */,
				OBJ_116 /* RequestPasswordResetRequest.swift in Sources */,
				OBJ_117 /* SignupRequest.swift in Sources */,
				OBJ_118 /* StartPasswordlessRequest.swift in Sources */,
				OBJ_119 /* UpdateEmailRequest.swift in Sources */,
				OBJ_120 /* UpdatePasswordRequest.swift in Sources */,
				OBJ_121 /* UpdatePhoneNumberRequest.swift in Sources */,
				OBJ_122 /* VerifyAuthCodeRequest.swift in Sources */,
				OBJ_123 /* VerifyPhoneNumberRequest.swift in Sources */,
				OBJ_124 /* WebviewLoginRequest.swift in Sources */,
				OBJ_125 /* AuthenticationPublicKeyCredential.swift in Sources */,
				OBJ_126 /* EmailWebAuthnLoginRequest.swift in Sources */,
				OBJ_127 /* ProfileWebAuthnSignupRequest.swift in Sources */,
				OBJ_128 /* R5AuthenticatorAssertionResponse.swift in Sources */,
				OBJ_129 /* R5AuthenticatorAttestationResponse.swift in Sources */,
				OBJ_130 /* R5PublicKeyCredentialRequestOptions.swift in Sources */,
				OBJ_131 /* RegistrationPublicKeyCredential.swift in Sources */,
				OBJ_132 /* WebAuthnLoginRequest.swift in Sources */,
				OBJ_133 /* WebAuthnRegistrationRequest.swift in Sources */,
				OBJ_134 /* WebauthnSignupCredential.swift in Sources */,
				OBJ_135 /* AuthenticationOptions.swift in Sources */,
				OBJ_136 /* AuthenticationToken.swift in Sources */,
				OBJ_137 /* CredentialCreationOptions.swift in Sources */,
				OBJ_138 /* DeviceCredential.swift in Sources */,
				OBJ_139 /* R5AuthenticatorSelectionCriteria.swift in Sources */,
				OBJ_140 /* R5PublicKeyCredentialCreationOptions.swift in Sources */,
				OBJ_141 /* R5PublicKeyCredentialDescriptor.swift in Sources */,
				OBJ_142 /* R5PublicKeyCredentialParameter.swift in Sources */,
				OBJ_143 /* R5PublicKeyCredentialRpEntity.swift in Sources */,
				OBJ_144 /* R5PublicKeyCredentialUserEntity.swift in Sources */,
				OBJ_145 /* RegistrationOptions.swift in Sources */,
				OBJ_146 /* Base64.swift in Sources */,
				OBJ_147 /* CustomField.swift in Sources */,
				OBJ_148 /* DataRequest.swift in Sources */,
				OBJ_149 /* DictionaryEncodable.swift in Sources */,
				OBJ_150 /* Pkce.swift in Sources */,
				OBJ_151 /* QueryString.swift in Sources */,
				OBJ_152 /* Storage.swift in Sources */,
				OBJ_153 /* UIDevice.swift in Sources */,
			);
			runOnlyForDeploymentPostprocessing = 0;
		};
/* End PBXSourcesBuildPhase section */

/* Begin XCBuildConfiguration section */
		OBJ_157 /* Debug */ = {
			isa = XCBuildConfiguration;
			buildSettings = {
				LD = /usr/bin/true;
				OTHER_SWIFT_FLAGS = "-swift-version 5 -I $(TOOLCHAIN_DIR)/usr/lib/swift/pm/ManifestAPI -sdk /Applications/Xcode.app/Contents/Developer/Platforms/MacOSX.platform/Developer/SDKs/MacOSX12.3.sdk -package-description-version 5.6.0";
				SWIFT_VERSION = 5.0;
			};
			name = Debug;
		};
		OBJ_158 /* Release */ = {
			isa = XCBuildConfiguration;
			buildSettings = {
				LD = /usr/bin/true;
				OTHER_SWIFT_FLAGS = "-swift-version 5 -I $(TOOLCHAIN_DIR)/usr/lib/swift/pm/ManifestAPI -sdk /Applications/Xcode.app/Contents/Developer/Platforms/MacOSX.platform/Developer/SDKs/MacOSX12.3.sdk -package-description-version 5.6.0";
				SWIFT_VERSION = 5.0;
			};
			name = Release;
		};
		OBJ_3 /* Debug */ = {
			isa = XCBuildConfiguration;
			buildSettings = {
				CLANG_ENABLE_OBJC_ARC = YES;
				COMBINE_HIDPI_IMAGES = YES;
				COPY_PHASE_STRIP = NO;
				DEBUG_INFORMATION_FORMAT = dwarf;
				DYLIB_INSTALL_NAME_BASE = "@rpath";
				ENABLE_NS_ASSERTIONS = YES;
				GCC_OPTIMIZATION_LEVEL = 0;
				GCC_PREPROCESSOR_DEFINITIONS = (
					"$(inherited)",
					"SWIFT_PACKAGE=1",
					"DEBUG=1",
				);
				IPHONEOS_DEPLOYMENT_TARGET = 13.0;
				ONLY_ACTIVE_ARCH = YES;
				OTHER_SWIFT_FLAGS = "$(inherited) -DXcode";
				PRODUCT_NAME = "$(TARGET_NAME)";
				SDKROOT = macosx;
				SUPPORTED_PLATFORMS = "$(AVAILABLE_PLATFORMS)";
				SUPPORTS_MACCATALYST = YES;
				SWIFT_ACTIVE_COMPILATION_CONDITIONS = "$(inherited) SWIFT_PACKAGE DEBUG";
				SWIFT_OPTIMIZATION_LEVEL = "-Onone";
				USE_HEADERMAP = NO;
			};
			name = Debug;
		};
		OBJ_4 /* Release */ = {
			isa = XCBuildConfiguration;
			buildSettings = {
				CLANG_ENABLE_OBJC_ARC = YES;
				COMBINE_HIDPI_IMAGES = YES;
				COPY_PHASE_STRIP = YES;
				DEBUG_INFORMATION_FORMAT = "dwarf-with-dsym";
				DYLIB_INSTALL_NAME_BASE = "@rpath";
				GCC_OPTIMIZATION_LEVEL = s;
				GCC_PREPROCESSOR_DEFINITIONS = (
					"$(inherited)",
					"SWIFT_PACKAGE=1",
				);
				IPHONEOS_DEPLOYMENT_TARGET = 13.0;
				OTHER_SWIFT_FLAGS = "$(inherited) -DXcode";
				PRODUCT_NAME = "$(TARGET_NAME)";
				SDKROOT = macosx;
				SUPPORTED_PLATFORMS = "$(AVAILABLE_PLATFORMS)";
				SUPPORTS_MACCATALYST = YES;
				SWIFT_ACTIVE_COMPILATION_CONDITIONS = "$(inherited) SWIFT_PACKAGE";
				SWIFT_COMPILATION_MODE = wholemodule;
				SWIFT_OPTIMIZATION_LEVEL = "-O";
				USE_HEADERMAP = NO;
			};
			name = Release;
		};
		OBJ_86 /* Debug */ = {
			isa = XCBuildConfiguration;
			buildSettings = {
				CURRENT_PROJECT_VERSION = 1;
				DRIVERKIT_DEPLOYMENT_TARGET = 19.0;
				ENABLE_TESTABILITY = YES;
				FRAMEWORK_SEARCH_PATHS = (
					"$(inherited)",
					"$(PLATFORM_DIR)/Developer/Library/Frameworks",
				);
				HEADER_SEARCH_PATHS = "$(inherited)";
				INFOPLIST_FILE = IdentitySdkCore.xcodeproj/IdentitySdkCore_Info.plist;
				IPHONEOS_DEPLOYMENT_TARGET = 9.0;
				LD_RUNPATH_SEARCH_PATHS = (
					"$(inherited)",
					"$(TOOLCHAIN_DIR)/usr/lib/swift/macosx",
				);
				MACOSX_DEPLOYMENT_TARGET = 10.10;
				OTHER_CFLAGS = "$(inherited)";
				OTHER_LDFLAGS = "$(inherited)";
				OTHER_SWIFT_FLAGS = "$(inherited)";
				PRODUCT_BUNDLE_IDENTIFIER = IdentitySdkCore;
				PRODUCT_MODULE_NAME = "$(TARGET_NAME:c99extidentifier)";
				PRODUCT_NAME = "$(TARGET_NAME:c99extidentifier)";
				SKIP_INSTALL = YES;
				SWIFT_ACTIVE_COMPILATION_CONDITIONS = "$(inherited)";
				SWIFT_VERSION = 5.0;
				TARGET_NAME = IdentitySdkCore;
				TVOS_DEPLOYMENT_TARGET = 9.0;
				WATCHOS_DEPLOYMENT_TARGET = 2.0;
			};
			name = Debug;
		};
		OBJ_87 /* Release */ = {
			isa = XCBuildConfiguration;
			buildSettings = {
				CURRENT_PROJECT_VERSION = 1;
				DRIVERKIT_DEPLOYMENT_TARGET = 19.0;
				ENABLE_TESTABILITY = YES;
				FRAMEWORK_SEARCH_PATHS = (
					"$(inherited)",
					"$(PLATFORM_DIR)/Developer/Library/Frameworks",
				);
				HEADER_SEARCH_PATHS = "$(inherited)";
				INFOPLIST_FILE = IdentitySdkCore.xcodeproj/IdentitySdkCore_Info.plist;
				IPHONEOS_DEPLOYMENT_TARGET = 9.0;
				LD_RUNPATH_SEARCH_PATHS = (
					"$(inherited)",
					"$(TOOLCHAIN_DIR)/usr/lib/swift/macosx",
				);
				MACOSX_DEPLOYMENT_TARGET = 10.10;
				OTHER_CFLAGS = "$(inherited)";
				OTHER_LDFLAGS = "$(inherited)";
				OTHER_SWIFT_FLAGS = "$(inherited)";
				PRODUCT_BUNDLE_IDENTIFIER = IdentitySdkCore;
				PRODUCT_MODULE_NAME = "$(TARGET_NAME:c99extidentifier)";
				PRODUCT_NAME = "$(TARGET_NAME:c99extidentifier)";
				SKIP_INSTALL = YES;
				SWIFT_ACTIVE_COMPILATION_CONDITIONS = "$(inherited)";
				SWIFT_VERSION = 5.0;
				TARGET_NAME = IdentitySdkCore;
				TVOS_DEPLOYMENT_TARGET = 9.0;
				WATCHOS_DEPLOYMENT_TARGET = 2.0;
			};
			name = Release;
		};
/* End XCBuildConfiguration section */

/* Begin XCConfigurationList section */
		OBJ_156 /* Build configuration list for PBXNativeTarget "IdentitySdkCorePackageDescription" */ = {
			isa = XCConfigurationList;
			buildConfigurations = (
				OBJ_157 /* Debug */,
				OBJ_158 /* Release */,
			);
			defaultConfigurationIsVisible = 0;
			defaultConfigurationName = Release;
		};
		OBJ_2 /* Build configuration list for PBXProject "IdentitySdkCore" */ = {
			isa = XCConfigurationList;
			buildConfigurations = (
				OBJ_3 /* Debug */,
				OBJ_4 /* Release */,
			);
			defaultConfigurationIsVisible = 0;
			defaultConfigurationName = Release;
		};
		OBJ_85 /* Build configuration list for PBXNativeTarget "IdentitySdkCore" */ = {
			isa = XCConfigurationList;
			buildConfigurations = (
				OBJ_86 /* Debug */,
				OBJ_87 /* Release */,
			);
			defaultConfigurationIsVisible = 0;
			defaultConfigurationName = Release;
		};
/* End XCConfigurationList section */

/* Begin XCRemoteSwiftPackageReference section */
		2A87FE7B28A54BB50005E9C2 /* XCRemoteSwiftPackageReference "BrightFutures" */ = {
			isa = XCRemoteSwiftPackageReference;
			repositoryURL = "https://github.com/Thomvis/BrightFutures.git";
			requirement = {
				branch = master;
				kind = branch;
			};
		};
		2A87FE7E28A54BC60005E9C2 /* XCRemoteSwiftPackageReference "Alamofire" */ = {
			isa = XCRemoteSwiftPackageReference;
			repositoryURL = "https://github.com/Alamofire/Alamofire.git";
			requirement = {
				branch = master;
				kind = branch;
			};
		};
/* End XCRemoteSwiftPackageReference section */

/* Begin XCSwiftPackageProductDependency section */
		2A87FE7C28A54BB50005E9C2 /* BrightFutures */ = {
			isa = XCSwiftPackageProductDependency;
			package = 2A87FE7B28A54BB50005E9C2 /* XCRemoteSwiftPackageReference "BrightFutures" */;
			productName = BrightFutures;
		};
		2A87FE7F28A54BC60005E9C2 /* Alamofire */ = {
			isa = XCSwiftPackageProductDependency;
			package = 2A87FE7E28A54BC60005E9C2 /* XCRemoteSwiftPackageReference "Alamofire" */;
			productName = Alamofire;
		};
/* End XCSwiftPackageProductDependency section */
	};
	rootObject = OBJ_1 /* Project object */;
}
